
Microsoft Visual Studio Solution File, Format Version 11.00
# Visual C# Express 2010
Project("{FAE04EC0-301F-11D3-BF4B-00C04F79EFBC}") = "1blankspaceConsole", "1blankspaceConsole\1blankspaceConsole.csproj", "{C3A252B5-DF63-4289-9D9A-D2AC468A3C8D}"
EndProject
Global
	GlobalSection(SolutionConfigurationPlatforms) = preSolution
		Debug|x86 = Debug|x86
		Release|x86 = Release|x86
	EndGlobalSection
	GlobalSection(ProjectConfigurationPlatforms) = postSolution
		{C3A252B5-DF63-4289-9D9A-D2AC468A3C8D}.Debug|x86.ActiveCfg = Debug|x86
		{C3A252B5-DF63-4289-9D9A-D2AC468A3C8D}.Debug|x86.Build.0 = Debug|x86
		{C3A252B5-DF63-4289-9D9A-D2AC468A3C8D}.Release|x86.ActiveCfg = Release|x86
		{C3A252B5-DF63-4289-9D9A-D2AC468A3C8D}.Release|x86.Build.0 = Release|x86
	EndGlobalSection
	GlobalSection(SolutionProperties) = preSolution
		HideSolutionNode = FALSE
	EndGlobalSection
EndGlobal
